
Microsoft Visual Studio Solution File, Format Version 12.00
# Visual Studio Version 16
VisualStudioVersion = 16.0.29911.84
MinimumVisualStudioVersion = 10.0.40219.1
Project("{FAE04EC0-301F-11D3-BF4B-00C04F79EFBC}") = "ConsoleApp3", "ConsoleApp3\ConsoleApp3.csproj", "{5481DE00-6C1D-4E5B-B31A-B9EAE3D98F34}"
EndProject
Global
	GlobalSection(SolutionConfigurationPlatforms) = preSolution
		Debug|Any CPU = Debug|Any CPU
		Release|Any CPU = Release|Any CPU
	EndGlobalSection
	GlobalSection(ProjectConfigurationPlatforms) = postSolution
		{5481DE00-6C1D-4E5B-B31A-B9EAE3D98F34}.Debug|Any CPU.ActiveCfg = Debug|Any CPU
		{5481DE00-6C1D-4E5B-B31A-B9EAE3D98F34}.Debug|Any CPU.Build.0 = Debug|Any CPU
		{5481DE00-6C1D-4E5B-B31A-B9EAE3D98F34}.Release|Any CPU.ActiveCfg = Release|Any CPU
		{5481DE00-6C1D-4E5B-B31A-B9EAE3D98F34}.Release|Any CPU.Build.0 = Release|Any CPU
	EndGlobalSection
	GlobalSection(SolutionProperties) = preSolution
		HideSolutionNode = FALSE
	EndGlobalSection
	GlobalSection(ExtensibilityGlobals) = postSolution
		SolutionGuid = {5A0108C4-569A-4189-BC73-BD31D6854A16}
	EndGlobalSection
EndGlobal
